
Microsoft Visual Studio Solution File, Format Version 12.00
# Visual Studio Version 17
VisualStudioVersion = 17.3.32922.545
MinimumVisualStudioVersion = 10.0.40219.1
Project("{9A19103F-16F7-4668-BE54-9A1E7A4F7556}") = "GamesAPI.Web", "GamesApi\GamesAPI.Web.csproj", "{15F5B57D-BEF6-4F20-8006-0E9580CCA29A}"
	ProjectSection(ProjectDependencies) = postProject
		{04FF18BA-6817-44C7-B3A5-1CC0B481F3BD} = {04FF18BA-6817-44C7-B3A5-1CC0B481F3BD}
		{6942D471-7A04-406F-8966-488FCA035BCA} = {6942D471-7A04-406F-8966-488FCA035BCA}
	EndProjectSection
EndProject
Project("{2150E333-8FDC-42A3-9474-1A3956D46DE8}") = "Web", "Web", "{082AFA4E-26A4-4478-8600-705345F94F7B}"
EndProject
Project("{9A19103F-16F7-4668-BE54-9A1E7A4F7556}") = "GamesAPI.Services", "GamesAPI.Services\GamesAPI.Services.csproj", "{04FF18BA-6817-44C7-B3A5-1CC0B481F3BD}"
	ProjectSection(ProjectDependencies) = postProject
		{6942D471-7A04-406F-8966-488FCA035BCA} = {6942D471-7A04-406F-8966-488FCA035BCA}
	EndProjectSection
EndProject
Project("{2150E333-8FDC-42A3-9474-1A3956D46DE8}") = "Data", "Data", "{62CE033F-80DC-40F4-9322-FD647D73C463}"
EndProject
Project("{9A19103F-16F7-4668-BE54-9A1E7A4F7556}") = "GamesAPI.Data", "GamesAPI.Data\GamesAPI.Data.csproj", "{6942D471-7A04-406F-8966-488FCA035BCA}"
EndProject
Project("{2150E333-8FDC-42A3-9474-1A3956D46DE8}") = "Common", "Common", "{62C9993A-A232-4572-A460-CFE26E84EB5F}"
EndProject
Project("{2150E333-8FDC-42A3-9474-1A3956D46DE8}") = "Services", "Services", "{7DD480D7-BE23-48A9-BC76-F658B66EAC8B}"
EndProject
Project("{FAE04EC0-301F-11D3-BF4B-00C04F79EFBC}") = "GamesAPI.Common", "GamesApi.Common\GamesAPI.Common.csproj", "{B0100D24-5EA5-44BF-B903-3CE9F09EDE47}"
EndProject
Global
	GlobalSection(SolutionConfigurationPlatforms) = preSolution
		Debug|Any CPU = Debug|Any CPU
		Release|Any CPU = Release|Any CPU
	EndGlobalSection
	GlobalSection(ProjectConfigurationPlatforms) = postSolution
		{15F5B57D-BEF6-4F20-8006-0E9580CCA29A}.Debug|Any CPU.ActiveCfg = Debug|Any CPU
		{15F5B57D-BEF6-4F20-8006-0E9580CCA29A}.Debug|Any CPU.Build.0 = Debug|Any CPU
		{15F5B57D-BEF6-4F20-8006-0E9580CCA29A}.Release|Any CPU.ActiveCfg = Release|Any CPU
		{15F5B57D-BEF6-4F20-8006-0E9580CCA29A}.Release|Any CPU.Build.0 = Release|Any CPU
		{04FF18BA-6817-44C7-B3A5-1CC0B481F3BD}.Debug|Any CPU.ActiveCfg = Debug|Any CPU
		{04FF18BA-6817-44C7-B3A5-1CC0B481F3BD}.Debug|Any CPU.Build.0 = Debug|Any CPU
		{04FF18BA-6817-44C7-B3A5-1CC0B481F3BD}.Release|Any CPU.ActiveCfg = Release|Any CPU
		{04FF18BA-6817-44C7-B3A5-1CC0B481F3BD}.Release|Any CPU.Build.0 = Release|Any CPU
		{6942D471-7A04-406F-8966-488FCA035BCA}.Debug|Any CPU.ActiveCfg = Debug|Any CPU
		{6942D471-7A04-406F-8966-488FCA035BCA}.Debug|Any CPU.Build.0 = Debug|Any CPU
		{6942D471-7A04-406F-8966-488FCA035BCA}.Release|Any CPU.ActiveCfg = Release|Any CPU
		{6942D471-7A04-406F-8966-488FCA035BCA}.Release|Any CPU.Build.0 = Release|Any CPU
		{B0100D24-5EA5-44BF-B903-3CE9F09EDE47}.Debug|Any CPU.ActiveCfg = Debug|Any CPU
		{B0100D24-5EA5-44BF-B903-3CE9F09EDE47}.Debug|Any CPU.Build.0 = Debug|Any CPU
		{B0100D24-5EA5-44BF-B903-3CE9F09EDE47}.Release|Any CPU.ActiveCfg = Release|Any CPU
		{B0100D24-5EA5-44BF-B903-3CE9F09EDE47}.Release|Any CPU.Build.0 = Release|Any CPU
	EndGlobalSection
	GlobalSection(SolutionProperties) = preSolution
		HideSolutionNode = FALSE
	EndGlobalSection
	GlobalSection(NestedProjects) = preSolution
		{15F5B57D-BEF6-4F20-8006-0E9580CCA29A} = {082AFA4E-26A4-4478-8600-705345F94F7B}
		{04FF18BA-6817-44C7-B3A5-1CC0B481F3BD} = {7DD480D7-BE23-48A9-BC76-F658B66EAC8B}
		{6942D471-7A04-406F-8966-488FCA035BCA} = {62CE033F-80DC-40F4-9322-FD647D73C463}
		{B0100D24-5EA5-44BF-B903-3CE9F09EDE47} = {62C9993A-A232-4572-A460-CFE26E84EB5F}
	EndGlobalSection
	GlobalSection(ExtensibilityGlobals) = postSolution
		SolutionGuid = {1605EFE5-190A-4CEA-93CE-F19F8ECDF319}
	EndGlobalSection
EndGlobal
